
Microsoft Visual Studio Solution File, Format Version 12.00
# Visual Studio 15
VisualStudioVersion = 15.0.27130.2036
MinimumVisualStudioVersion = 10.0.40219.1
Project("{FAE04EC0-301F-11D3-BF4B-00C04F79EFBC}") = "Ziroh.Migration", "Ziroh.Migration\Ziroh.Migration.csproj", "{A84B92F7-B58A-4BBF-99F4-1982527646BE}"
EndProject
Project("{FAE04EC0-301F-11D3-BF4B-00C04F79EFBC}") = "TestApp", "TestApp\TestApp.csproj", "{EBDD2A01-62E8-42FD-95D0-07D7F26F8130}"
EndProject
Global
	GlobalSection(SolutionConfigurationPlatforms) = preSolution
		Debug|Any CPU = Debug|Any CPU
		Release|Any CPU = Release|Any CPU
	EndGlobalSection
	GlobalSection(ProjectConfigurationPlatforms) = postSolution
		{A84B92F7-B58A-4BBF-99F4-1982527646BE}.Debug|Any CPU.ActiveCfg = Debug|Any CPU
		{A84B92F7-B58A-4BBF-99F4-1982527646BE}.Debug|Any CPU.Build.0 = Debug|Any CPU
		{A84B92F7-B58A-4BBF-99F4-1982527646BE}.Release|Any CPU.ActiveCfg = Release|Any CPU
		{A84B92F7-B58A-4BBF-99F4-1982527646BE}.Release|Any CPU.Build.0 = Release|Any CPU
		{EBDD2A01-62E8-42FD-95D0-07D7F26F8130}.Debug|Any CPU.ActiveCfg = Debug|Any CPU
		{EBDD2A01-62E8-42FD-95D0-07D7F26F8130}.Debug|Any CPU.Build.0 = Debug|Any CPU
		{EBDD2A01-62E8-42FD-95D0-07D7F26F8130}.Release|Any CPU.ActiveCfg = Release|Any CPU
		{EBDD2A01-62E8-42FD-95D0-07D7F26F8130}.Release|Any CPU.Build.0 = Release|Any CPU
	EndGlobalSection
	GlobalSection(SolutionProperties) = preSolution
		HideSolutionNode = FALSE
	EndGlobalSection
	GlobalSection(ExtensibilityGlobals) = postSolution
		SolutionGuid = {98159FD4-0354-41DB-B909-4F1B907FFB66}
	EndGlobalSection
EndGlobal
